
Microsoft Visual Studio Solution File, Format Version 12.00
# Visual Studio Version 16
VisualStudioVersion = 16.0.29911.84
MinimumVisualStudioVersion = 10.0.40219.1
Project("{FAE04EC0-301F-11D3-BF4B-00C04F79EFBC}") = "WindowsFormTicTacToe", "tictac\WindowsFormTicTacToe.csproj", "{5F792EB0-6019-446F-B39A-5E57E5C4F6AB}"
EndProject
Global
	GlobalSection(SolutionConfigurationPlatforms) = preSolution
		Debug|Any CPU = Debug|Any CPU
		Release|Any CPU = Release|Any CPU
	EndGlobalSection
	GlobalSection(ProjectConfigurationPlatforms) = postSolution
		{5F792EB0-6019-446F-B39A-5E57E5C4F6AB}.Debug|Any CPU.ActiveCfg = Debug|Any CPU
		{5F792EB0-6019-446F-B39A-5E57E5C4F6AB}.Debug|Any CPU.Build.0 = Debug|Any CPU
		{5F792EB0-6019-446F-B39A-5E57E5C4F6AB}.Release|Any CPU.ActiveCfg = Release|Any CPU
		{5F792EB0-6019-446F-B39A-5E57E5C4F6AB}.Release|Any CPU.Build.0 = Release|Any CPU
	EndGlobalSection
	GlobalSection(SolutionProperties) = preSolution
		HideSolutionNode = FALSE
	EndGlobalSection
	GlobalSection(ExtensibilityGlobals) = postSolution
		SolutionGuid = {BB032331-1269-45C6-B0D5-B5C68C341362}
	EndGlobalSection
EndGlobal
